[[package]]
name = "cowsay"
version = "1.0"
description = "The famous cowsay for GNU/Linux is now available for python"
category = "main"
optional = false
python-versions = "*"

[metadata]
lock-version = "1.1"
python-versions = "^3.8"
content-hash = "093cc18da97eb34925a94dca5638276b93a5b8b4deb5a61aa137651ed3856706"

[metadata.files]
cowsay = [
    {file = "cowsay-1.0.tar.gz", hash = "sha256:93bf7695c179ff8c93ea5cb1d0d4a895c30c6756087da8cb1deb4165f4fc8c24"},
]
